
Microsoft Visual Studio Solution File, Format Version 12.00
# Visual Studio Version 17
VisualStudioVersion = 17.11.35303.130
MinimumVisualStudioVersion = 10.0.40219.1
Project("{FAE04EC0-301F-11D3-BF4B-00C04F79EFBC}") = "ValidadorCPF", "ValidadorCPF\ValidadorCPF.csproj", "{086337F6-7A9F-4D8B-9EED-393A6D2D2EC5}"
EndProject
Global
	GlobalSection(SolutionConfigurationPlatforms) = preSolution
		Debug|Any CPU = Debug|Any CPU
		Release|Any CPU = Release|Any CPU
	EndGlobalSection
	GlobalSection(ProjectConfigurationPlatforms) = postSolution
		{086337F6-7A9F-4D8B-9EED-393A6D2D2EC5}.Debug|Any CPU.ActiveCfg = Debug|Any CPU
		{086337F6-7A9F-4D8B-9EED-393A6D2D2EC5}.Debug|Any CPU.Build.0 = Debug|Any CPU
		{086337F6-7A9F-4D8B-9EED-393A6D2D2EC5}.Release|Any CPU.ActiveCfg = Release|Any CPU
		{086337F6-7A9F-4D8B-9EED-393A6D2D2EC5}.Release|Any CPU.Build.0 = Release|Any CPU
	EndGlobalSection
	GlobalSection(SolutionProperties) = preSolution
		HideSolutionNode = FALSE
	EndGlobalSection
	GlobalSection(ExtensibilityGlobals) = postSolution
		SolutionGuid = {4C7B5104-F567-478D-A7F6-E698D1E10F5A}
	EndGlobalSection
EndGlobal
